
Microsoft Visual Studio Solution File, Format Version 12.00
# Visual Studio Version 16
VisualStudioVersion = 16.0.31729.503
MinimumVisualStudioVersion = 10.0.40219.1
Project("{FAE04EC0-301F-11D3-BF4B-00C04F79EFBC}") = "MCD_WindowsFormLabel", "MCD_WindowsFormLabel\MCD_WindowsFormLabel.csproj", "{C09E4F7B-CEB4-40B7-93A0-F877A0B0149A}"
EndProject
Global
	GlobalSection(SolutionConfigurationPlatforms) = preSolution
		Debug|Any CPU = Debug|Any CPU
		Release|Any CPU = Release|Any CPU
	EndGlobalSection
	GlobalSection(ProjectConfigurationPlatforms) = postSolution
		{C09E4F7B-CEB4-40B7-93A0-F877A0B0149A}.Debug|Any CPU.ActiveCfg = Debug|Any CPU
		{C09E4F7B-CEB4-40B7-93A0-F877A0B0149A}.Debug|Any CPU.Build.0 = Debug|Any CPU
		{C09E4F7B-CEB4-40B7-93A0-F877A0B0149A}.Release|Any CPU.ActiveCfg = Release|Any CPU
		{C09E4F7B-CEB4-40B7-93A0-F877A0B0149A}.Release|Any CPU.Build.0 = Release|Any CPU
	EndGlobalSection
	GlobalSection(SolutionProperties) = preSolution
		HideSolutionNode = FALSE
	EndGlobalSection
	GlobalSection(ExtensibilityGlobals) = postSolution
		SolutionGuid = {763775EE-EEAC-4376-ABF4-0420ED9D0747}
	EndGlobalSection
EndGlobal
